
Microsoft Visual Studio Solution File, Format Version 12.00
# Visual Studio Version 17
VisualStudioVersion = 17.3.32929.385
MinimumVisualStudioVersion = 10.0.40219.1
Project("{FAE04EC0-301F-11D3-BF4B-00C04F79EFBC}") = "WindowsPracticaStatic", "WindowsPracticaStatic\WindowsPracticaStatic.csproj", "{CDAE96E7-DC28-4CD5-9300-118CBEB0913A}"
EndProject
Project("{FAE04EC0-301F-11D3-BF4B-00C04F79EFBC}") = "LibreriaEmpleado", "Empleado\LibreriaEmpleado.csproj", "{52EFD09A-499F-4B25-815A-7F64FC43564D}"
EndProject
Global
	GlobalSection(SolutionConfigurationPlatforms) = preSolution
		Debug|Any CPU = Debug|Any CPU
		Release|Any CPU = Release|Any CPU
	EndGlobalSection
	GlobalSection(ProjectConfigurationPlatforms) = postSolution
		{CDAE96E7-DC28-4CD5-9300-118CBEB0913A}.Debug|Any CPU.ActiveCfg = Debug|Any CPU
		{CDAE96E7-DC28-4CD5-9300-118CBEB0913A}.Debug|Any CPU.Build.0 = Debug|Any CPU
		{CDAE96E7-DC28-4CD5-9300-118CBEB0913A}.Release|Any CPU.ActiveCfg = Release|Any CPU
		{CDAE96E7-DC28-4CD5-9300-118CBEB0913A}.Release|Any CPU.Build.0 = Release|Any CPU
		{52EFD09A-499F-4B25-815A-7F64FC43564D}.Debug|Any CPU.ActiveCfg = Debug|Any CPU
		{52EFD09A-499F-4B25-815A-7F64FC43564D}.Debug|Any CPU.Build.0 = Debug|Any CPU
		{52EFD09A-499F-4B25-815A-7F64FC43564D}.Release|Any CPU.ActiveCfg = Release|Any CPU
		{52EFD09A-499F-4B25-815A-7F64FC43564D}.Release|Any CPU.Build.0 = Release|Any CPU
	EndGlobalSection
	GlobalSection(SolutionProperties) = preSolution
		HideSolutionNode = FALSE
	EndGlobalSection
	GlobalSection(ExtensibilityGlobals) = postSolution
		SolutionGuid = {06596BCA-99A4-460B-B118-4715A5EDA9D3}
	EndGlobalSection
EndGlobal
